<?xml version="1.0" encoding="utf-8"?>
<Project ToolsVersion="4.0" xmlns="http://schemas.microsoft.com/developer/msbuild/2003">
  <ItemGroup>
    <Filter Include="Source Files">
      <UniqueIdentifier>{0df2e8ca-7fb8-48f0-bb11-5d4ab8e68f61}</UniqueIdentifier>
    </Filter>
    <Filter Include="Resource Files">
      <UniqueIdentifier>{8f941adb-a590-45b2-bb15-b3b6f94a4b2e}</UniqueIdentifier>
    </Filter>
    <Filter Include="Uriel">
      <UniqueIdentifier>{bc0fbaec-99c5-4d7c-acd9-a15e4398bea6}</UniqueIdentifier>
    </Filter>
    <Filter Include="Header Files">
      <UniqueIdentifier>{d4a20cc7-f9a8-412b-96fc-235c66c794d9}</UniqueIdentifier>
    </Filter>
  </ItemGroup>
  <ItemGroup>
    <ClCompile Include="engine\core.cpp">
      <Filter>Uriel</Filter>
    </ClCompile>
    <ClCompile Include="engine\input.cpp">
      <Filter>Uriel</Filter>
    </ClCompile>
    <ClCompile Include="engine\renderer.cpp">
      <Filter>Uriel</Filter>
    </ClCompile>
    <ClCompile Include="engine\sprite.cpp">
      <Filter>Uriel</Filter>
    </ClCompile>
    <ClCompile Include="engine\text_renderer.cpp">
      <Filter>Uriel</Filter>
    </ClCompile>
    <ClCompile Include="main.cpp">
      <Filter>Source Files</Filter>
    </ClCompile>
  </ItemGroup>
  <ItemGroup>
    <ClInclude Include="engine\internal.h">
      <Filter>Uriel</Filter>
    </ClInclude>
    <ClInclude Include="engine\uriel.h">
      <Filter>Uriel</Filter>
    </ClInclude>
  </ItemGroup>
</Project>